// !$*UTF8*$!
{
	archiveVersion = 1;
	classes = {
	};
	objectVersion = 46;
	objects = {

/* Begin PBXBuildFile section */
		6D6306DA1A18F0D5007B228B /* CardMatchingGame.m in Sources */ = {isa = PBXBuildFile; fileRef = 6D6306D91A18F0D5007B228B /* CardMatchingGame.m */; };
		6D9F20691A1E38FA000947EA /* GameResult.m in Sources */ = {isa = PBXBuildFile; fileRef = 6D9F20681A1E38FA000947EA /* GameResult.m */; };
		6DA4B4161A03752F00AFA936 /* main.m in Sources */ = {isa = PBXBuildFile; fileRef = 6DA4B4151A03752F00AFA936 /* main.m */; };
		6DA4B4191A03752F00AFA936 /* AppDelegate.m in Sources */ = {isa = PBXBuildFile; fileRef = 6DA4B4181A03752F00AFA936 /* AppDelegate.m */; };
		6DA4B41C1A03752F00AFA936 /* matchismo.xcdatamodeld in Sources */ = {isa = PBXBuildFile; fileRef = 6DA4B41A1A03752F00AFA936 /* matchismo.xcdatamodeld */; };
		6DA4B41F1A03752F00AFA936 /* ViewController.m in Sources */ = {isa = PBXBuildFile; fileRef = 6DA4B41E1A03752F00AFA936 /* ViewController.m */; };
		6DA4B4221A03752F00AFA936 /* Main.storyboard in Resources */ = {isa = PBXBuildFile; fileRef = 6DA4B4201A03752F00AFA936 /* Main.storyboard */; };
		6DA4B4241A03752F00AFA936 /* Images.xcassets in Resources */ = {isa = PBXBuildFile; fileRef = 6DA4B4231A03752F00AFA936 /* Images.xcassets */; };
		6DA4B4271A03752F00AFA936 /* LaunchScreen.xib in Resources */ = {isa = PBXBuildFile; fileRef = 6DA4B4251A03752F00AFA936 /* LaunchScreen.xib */; };
		6DA4B4331A03752F00AFA936 /* matchismoTests.m in Sources */ = {isa = PBXBuildFile; fileRef = 6DA4B4321A03752F00AFA936 /* matchismoTests.m */; };
		6DB003251A07CEAF00B0B3AD /* PlayingCardDeck.m in Sources */ = {isa = PBXBuildFile; fileRef = 6DB003241A07CEAF00B0B3AD /* PlayingCardDeck.m */; };
		6DCB81A21A03986A00ADB51E /* Card.m in Sources */ = {isa = PBXBuildFile; fileRef = 6DCB81A11A03986A00ADB51E /* Card.m */; };
		6DCB81A61A05DA0600ADB51E /* Deck.m in Sources */ = {isa = PBXBuildFile; fileRef = 6DCB81A51A05DA0600ADB51E /* Deck.m */; };
		6DCC6B671A07C222009155B7 /* PlayingCard.m in Sources */ = {isa = PBXBuildFile; fileRef = 6DCC6B661A07C222009155B7 /* PlayingCard.m */; };
/* End PBXBuildFile section */

/* Begin PBXContainerItemProxy section */
		6DA4B42D1A03752F00AFA936 /* PBXContainerItemProxy */ = {
			isa = PBXContainerItemProxy;
			containerPortal = 6DA4B4081A03752F00AFA936 /* Project object */;
			proxyType = 1;
			remoteGlobalIDString = 6DA4B40F1A03752F00AFA936;
			remoteInfo = matchismo;
		};
/* End PBXContainerItemProxy section */

/* Begin PBXFileReference section */
		6D6306D81A18F0D5007B228B /* CardMatchingGame.h */ = {isa = PBXFileReference; fileEncoding = 4; lastKnownFileType = sourcecode.c.h; name = CardMatchingGame.h; path = Models/CardMatchingGame.h; sourceTree = "<group>"; };
		6D6306D91A18F0D5007B228B /* CardMatchingGame.m */ = {isa = PBXFileReference; fileEncoding = 4; lastKnownFileType = sourcecode.c.objc; name = CardMatchingGame.m; path = Models/CardMatchingGame.m; sourceTree = "<group>"; };
		6D9F20671A1E38FA000947EA /* GameResult.h */ = {isa = PBXFileReference; fileEncoding = 4; lastKnownFileType = sourcecode.c.h; name = GameResult.h; path = Models/GameResult.h; sourceTree = "<group>"; };
		6D9F20681A1E38FA000947EA /* GameResult.m */ = {isa = PBXFileReference; fileEncoding = 4; lastKnownFileType = sourcecode.c.objc; name = GameResult.m; path = Models/GameResult.m; sourceTree = "<group>"; };
		6DA4B4101A03752F00AFA936 /* matchismo.app */ = {isa = PBXFileReference; explicitFileType = wrapper.application; includeInIndex = 0; path = matchismo.app; sourceTree = BUILT_PRODUCTS_DIR; };
		6DA4B4141A03752F00AFA936 /* Info.plist */ = {isa = PBXFileReference; lastKnownFileType = text.plist.xml; path = Info.plist; sourceTree = "<group>"; };
		6DA4B4151A03752F00AFA936 /* main.m */ = {isa = PBXFileReference; lastKnownFileType = sourcecode.c.objc; path = main.m; sourceTree = "<group>"; };
		6DA4B4171A03752F00AFA936 /* AppDelegate.h */ = {isa = PBXFileReference; lastKnownFileType = sourcecode.c.h; path = AppDelegate.h; sourceTree = "<group>"; };
		6DA4B4181A03752F00AFA936 /* AppDelegate.m */ = {isa = PBXFileReference; lastKnownFileType = sourcecode.c.objc; path = AppDelegate.m; sourceTree = "<group>"; };
		6DA4B41B1A03752F00AFA936 /* matchismo.xcdatamodel */ = {isa = PBXFileReference; lastKnownFileType = wrapper.xcdatamodel; path = matchismo.xcdatamodel; sourceTree = "<group>"; };
		6DA4B41D1A03752F00AFA936 /* ViewController.h */ = {isa = PBXFileReference; lastKnownFileType = sourcecode.c.h; path = ViewController.h; sourceTree = "<group>"; };
		6DA4B41E1A03752F00AFA936 /* ViewController.m */ = {isa = PBXFileReference; lastKnownFileType = sourcecode.c.objc; path = ViewController.m; sourceTree = "<group>"; };
		6DA4B4211A03752F00AFA936 /* Base */ = {isa = PBXFileReference; lastKnownFileType = file.storyboard; name = Base; path = Base.lproj/Main.storyboard; sourceTree = "<group>"; };
		6DA4B4231A03752F00AFA936 /* Images.xcassets */ = {isa = PBXFileReference; lastKnownFileType = folder.assetcatalog; path = Images.xcassets; sourceTree = "<group>"; };
		6DA4B4261A03752F00AFA936 /* Base */ = {isa = PBXFileReference; lastKnownFileType = file.xib; name = Base; path = Base.lproj/LaunchScreen.xib; sourceTree = "<group>"; };
		6DA4B42C1A03752F00AFA936 /* matchismoTests.xctest */ = {isa = PBXFileReference; explicitFileType = wrapper.cfbundle; includeInIndex = 0; path = matchismoTests.xctest; sourceTree = BUILT_PRODUCTS_DIR; };
		6DA4B4311A03752F00AFA936 /* Info.plist */ = {isa = PBXFileReference; lastKnownFileType = text.plist.xml; path = Info.plist; sourceTree = "<group>"; };
		6DA4B4321A03752F00AFA936 /* matchismoTests.m */ = {isa = PBXFileReference; lastKnownFileType = sourcecode.c.objc; path = matchismoTests.m; sourceTree = "<group>"; };
		6DB003231A07CEAF00B0B3AD /* PlayingCardDeck.h */ = {isa = PBXFileReference; fileEncoding = 4; lastKnownFileType = sourcecode.c.h; name = PlayingCardDeck.h; path = Models/PlayingCardDeck.h; sourceTree = "<group>"; };
		6DB003241A07CEAF00B0B3AD /* PlayingCardDeck.m */ = {isa = PBXFileReference; fileEncoding = 4; lastKnownFileType = sourcecode.c.objc; name = PlayingCardDeck.m; path = Models/PlayingCardDeck.m; sourceTree = "<group>"; };
		6DCB81A01A03986A00ADB51E /* Card.h */ = {isa = PBXFileReference; fileEncoding = 4; lastKnownFileType = sourcecode.c.h; name = Card.h; path = Models/Card.h; sourceTree = "<group>"; };
		6DCB81A11A03986A00ADB51E /* Card.m */ = {isa = PBXFileReference; fileEncoding = 4; lastKnownFileType = sourcecode.c.objc; name = Card.m; path = Models/Card.m; sourceTree = "<group>"; };
		6DCB81A41A05DA0600ADB51E /* Deck.h */ = {isa = PBXFileReference; fileEncoding = 4; lastKnownFileType = sourcecode.c.h; name = Deck.h; path = Models/Deck.h; sourceTree = "<group>"; };
		6DCB81A51A05DA0600ADB51E /* Deck.m */ = {isa = PBXFileReference; fileEncoding = 4; lastKnownFileType = sourcecode.c.objc; name = Deck.m; path = Models/Deck.m; sourceTree = "<group>"; };
		6DCC6B651A07C222009155B7 /* PlayingCard.h */ = {isa = PBXFileReference; fileEncoding = 4; lastKnownFileType = sourcecode.c.h; name = PlayingCard.h; path = Models/PlayingCard.h; sourceTree = "<group>"; };
		6DCC6B661A07C222009155B7 /* PlayingCard.m */ = {isa = PBXFileReference; fileEncoding = 4; lastKnownFileType = sourcecode.c.objc; name = PlayingCard.m; path = Models/PlayingCard.m; sourceTree = "<group>"; };
/* End PBXFileReference section */

/* Begin PBXFrameworksBuildPhase section */
		6DA4B40D1A03752F00AFA936 /* Frameworks */ = {
			isa = PBXFrameworksBuildPhase;
			buildActionMask = 2147483647;
			files = (
			);
			runOnlyForDeploymentPostprocessing = 0;
		};
		6DA4B4291A03752F00AFA936 /* Frameworks */ = {
			isa = PBXFrameworksBuildPhase;
			buildActionMask = 2147483647;
			files = (
			);
			runOnlyForDeploymentPostprocessing = 0;
		};
/* End PBXFrameworksBuildPhase section */

/* Begin PBXGroup section */
		6DA4B4071A03752F00AFA936 = {
			isa = PBXGroup;
			children = (
				6DA4B4121A03752F00AFA936 /* matchismo */,
				6DA4B42F1A03752F00AFA936 /* matchismoTests */,
				6DA4B4111A03752F00AFA936 /* Products */,
			);
			sourceTree = "<group>";
		};
		6DA4B4111A03752F00AFA936 /* Products */ = {
			isa = PBXGroup;
			children = (
				6DA4B4101A03752F00AFA936 /* matchismo.app */,
				6DA4B42C1A03752F00AFA936 /* matchismoTests.xctest */,
			);
			name = Products;
			sourceTree = "<group>";
		};
		6DA4B4121A03752F00AFA936 /* matchismo */ = {
			isa = PBXGroup;
			children = (
				6DA4B4171A03752F00AFA936 /* AppDelegate.h */,
				6DA4B4181A03752F00AFA936 /* AppDelegate.m */,
				6DA4B41D1A03752F00AFA936 /* ViewController.h */,
				6DA4B41E1A03752F00AFA936 /* ViewController.m */,
				6DCB81A31A03987700ADB51E /* Models */,
				6DA4B4201A03752F00AFA936 /* Main.storyboard */,
				6DA4B4231A03752F00AFA936 /* Images.xcassets */,
				6DA4B4251A03752F00AFA936 /* LaunchScreen.xib */,
				6DA4B41A1A03752F00AFA936 /* matchismo.xcdatamodeld */,
				6DA4B4131A03752F00AFA936 /* Supporting Files */,
			);
			path = matchismo;
			sourceTree = "<group>";
		};
		6DA4B4131A03752F00AFA936 /* Supporting Files */ = {
			isa = PBXGroup;
			children = (
				6DA4B4141A03752F00AFA936 /* Info.plist */,
				6DA4B4151A03752F00AFA936 /* main.m */,
			);
			name = "Supporting Files";
			sourceTree = "<group>";
		};
		6DA4B42F1A03752F00AFA936 /* matchismoTests */ = {
			isa = PBXGroup;
			children = (
				6DA4B4321A03752F00AFA936 /* matchismoTests.m */,
				6DA4B4301A03752F00AFA936 /* Supporting Files */,
			);
			path = matchismoTests;
			sourceTree = "<group>";
		};
		6DA4B4301A03752F00AFA936 /* Supporting Files */ = {
			isa = PBXGroup;
			children = (
				6DA4B4311A03752F00AFA936 /* Info.plist */,
			);
			name = "Supporting Files";
			sourceTree = "<group>";
		};
		6DCB81A31A03987700ADB51E /* Models */ = {
			isa = PBXGroup;
			children = (
				6D9F20671A1E38FA000947EA /* GameResult.h */,
				6D9F20681A1E38FA000947EA /* GameResult.m */,
				6D6306D81A18F0D5007B228B /* CardMatchingGame.h */,
				6D6306D91A18F0D5007B228B /* CardMatchingGame.m */,
				6DCC6B651A07C222009155B7 /* PlayingCard.h */,
				6DCC6B661A07C222009155B7 /* PlayingCard.m */,
				6DB003231A07CEAF00B0B3AD /* PlayingCardDeck.h */,
				6DB003241A07CEAF00B0B3AD /* PlayingCardDeck.m */,
				6DCB81A41A05DA0600ADB51E /* Deck.h */,
				6DCB81A51A05DA0600ADB51E /* Deck.m */,
				6DCB81A01A03986A00ADB51E /* Card.h */,
				6DCB81A11A03986A00ADB51E /* Card.m */,
			);
			name = Models;
			sourceTree = "<group>";
		};
/* End PBXGroup section */

/* Begin PBXNativeTarget section */
		6DA4B40F1A03752F00AFA936 /* matchismo */ = {
			isa = PBXNativeTarget;
			buildConfigurationList = 6DA4B4361A03753000AFA936 /* Build configuration list for PBXNativeTarget "matchismo" */;
			buildPhases = (
				6DA4B40C1A03752F00AFA936 /* Sources */,
				6DA4B40D1A03752F00AFA936 /* Frameworks */,
				6DA4B40E1A03752F00AFA936 /* Resources */,
			);
			buildRules = (
			);
			dependencies = (
			);
			name = matchismo;
			productName = matchismo;
			productReference = 6DA4B4101A03752F00AFA936 /* matchismo.app */;
			productType = "com.apple.product-type.application";
		};
		6DA4B42B1A03752F00AFA936 /* matchismoTests */ = {
			isa = PBXNativeTarget;
			buildConfigurationList = 6DA4B4391A03753000AFA936 /* Build configuration list for PBXNativeTarget "matchismoTests" */;
			buildPhases = (
				6DA4B4281A03752F00AFA936 /* Sources */,
				6DA4B4291A03752F00AFA936 /* Frameworks */,
				6DA4B42A1A03752F00AFA936 /* Resources */,
			);
			buildRules = (
			);
			dependencies = (
				6DA4B42E1A03752F00AFA936 /* PBXTargetDependency */,
			);
			name = matchismoTests;
			productName = matchismoTests;
			productReference = 6DA4B42C1A03752F00AFA936 /* matchismoTests.xctest */;
			productType = "com.apple.product-type.bundle.unit-test";
		};
/* End PBXNativeTarget section */

/* Begin PBXProject section */
		6DA4B4081A03752F00AFA936 /* Project object */ = {
			isa = PBXProject;
			attributes = {
				LastUpgradeCheck = 0610;
				ORGANIZATIONNAME = "HU Ming";
				TargetAttributes = {
					6DA4B40F1A03752F00AFA936 = {
						CreatedOnToolsVersion = 6.1;
					};
					6DA4B42B1A03752F00AFA936 = {
						CreatedOnToolsVersion = 6.1;
						TestTargetID = 6DA4B40F1A03752F00AFA936;
					};
				};
			};
			buildConfigurationList = 6DA4B40B1A03752F00AFA936 /* Build configuration list for PBXProject "matchismo" */;
			compatibilityVersion = "Xcode 3.2";
			developmentRegion = English;
			hasScannedForEncodings = 0;
			knownRegions = (
				en,
				Base,
			);
			mainGroup = 6DA4B4071A03752F00AFA936;
			productRefGroup = 6DA4B4111A03752F00AFA936 /* Products */;
			projectDirPath = "";
			projectRoot = "";
			targets = (
				6DA4B40F1A03752F00AFA936 /* matchismo */,
				6DA4B42B1A03752F00AFA936 /* matchismoTests */,
			);
		};
/* End PBXProject section */

/* Begin PBXResourcesBuildPhase section */
		6DA4B40E1A03752F00AFA936 /* Resources */ = {
			isa = PBXResourcesBuildPhase;
			buildActionMask = 2147483647;
			files = (
				6DA4B4221A03752F00AFA936 /* Main.storyboard in Resources */,
				6DA4B4271A03752F00AFA936 /* LaunchScreen.xib in Resources */,
				6DA4B4241A03752F00AFA936 /* Images.xcassets in Resources */,
			);
			runOnlyForDeploymentPostprocessing = 0;
		};
		6DA4B42A1A03752F00AFA936 /* Resources */ = {
			isa = PBXResourcesBuildPhase;
			buildActionMask = 2147483647;
			files = (
			);
			runOnlyForDeploymentPostprocessing = 0;
		};
/* End PBXResourcesBuildPhase section */

/* Begin PBXSourcesBuildPhase section */
		6DA4B40C1A03752F00AFA936 /* Sources */ = {
			isa = PBXSourcesBuildPhase;
			buildActionMask = 2147483647;
			files = (
				6DCB81A21A03986A00ADB51E /* Card.m in Sources */,
				6DB003251A07CEAF00B0B3AD /* PlayingCardDeck.m in Sources */,
				6DA4B4191A03752F00AFA936 /* AppDelegate.m in Sources */,
				6D6306DA1A18F0D5007B228B /* CardMatchingGame.m in Sources */,
				6DCC6B671A07C222009155B7 /* PlayingCard.m in Sources */,
				6DA4B41C1A03752F00AFA936 /* matchismo.xcdatamodeld in Sources */,
				6DA4B41F1A03752F00AFA936 /* ViewController.m in Sources */,
				6DCB81A61A05DA0600ADB51E /* Deck.m in Sources */,
				6D9F20691A1E38FA000947EA /* GameResult.m in Sources */,
				6DA4B4161A03752F00AFA936 /* main.m in Sources */,
			);
			runOnlyForDeploymentPostprocessing = 0;
		};
		6DA4B4281A03752F00AFA936 /* Sources */ = {
			isa = PBXSourcesBuildPhase;
			buildActionMask = 2147483647;
			files = (
				6DA4B4331A03752F00AFA936 /* matchismoTests.m in Sources */,
			);
			runOnlyForDeploymentPostprocessing = 0;
		};
/* End PBXSourcesBuildPhase section */

/* Begin PBXTargetDependency section */
		6DA4B42E1A03752F00AFA936 /* PBXTargetDependency */ = {
			isa = PBXTargetDependency;
			target = 6DA4B40F1A03752F00AFA936 /* matchismo */;
			targetProxy = 6DA4B42D1A03752F00AFA936 /* PBXContainerItemProxy */;
		};
/* End PBXTargetDependency section */

/* Begin PBXVariantGroup section */
		6DA4B4201A03752F00AFA936 /* Main.storyboard */ = {
			isa = PBXVariantGroup;
			children = (
				6DA4B4211A03752F00AFA936 /* Base */,
			);
			name = Main.storyboard;
			sourceTree = "<group>";
		};
		6DA4B4251A03752F00AFA936 /* LaunchScreen.xib */ = {
			isa = PBXVariantGroup;
			children = (
				6DA4B4261A03752F00AFA936 /* Base */,
			);
			name = LaunchScreen.xib;
			sourceTree = "<group>";
		};
/* End PBXVariantGroup section */

/* Begin XCBuildConfiguration section */
		6DA4B4341A03753000AFA936 /* Debug */ = {
			isa = XCBuildConfiguration;
			buildSettings = {
				ALWAYS_SEARCH_USER_PATHS = NO;
				CLANG_CXX_LANGUAGE_STANDARD = "gnu++0x";
				CLANG_CXX_LIBRARY = "libc++";
				CLANG_ENABLE_MODULES = YES;
				CLANG_ENABLE_OBJC_ARC = YES;
				CLANG_WARN_BOOL_CONVERSION = YES;
				CLANG_WARN_CONSTANT_CONVERSION = YES;
				CLANG_WARN_DIRECT_OBJC_ISA_USAGE = YES_ERROR;
				CLANG_WARN_EMPTY_BODY = YES;
				CLANG_WARN_ENUM_CONVERSION = YES;
				CLANG_WARN_INT_CONVERSION = YES;
				CLANG_WARN_OBJC_ROOT_CLASS = YES_ERROR;
				CLANG_WARN_UNREACHABLE_CODE = YES;
				CLANG_WARN__DUPLICATE_METHOD_MATCH = YES;
				"CODE_SIGN_IDENTITY[sdk=iphoneos*]" = "iPhone Developer";
				COPY_PHASE_STRIP = NO;
				ENABLE_STRICT_OBJC_MSGSEND = YES;
				GCC_C_LANGUAGE_STANDARD = gnu99;
				GCC_DYNAMIC_NO_PIC = NO;
				GCC_OPTIMIZATION_LEVEL = 0;
				GCC_PREPROCESSOR_DEFINITIONS = (
					"DEBUG=1",
					"$(inherited)",
				);
				GCC_SYMBOLS_PRIVATE_EXTERN = NO;
				GCC_WARN_64_TO_32_BIT_CONVERSION = YES;
				GCC_WARN_ABOUT_RETURN_TYPE = YES_ERROR;
				GCC_WARN_UNDECLARED_SELECTOR = YES;
				GCC_WARN_UNINITIALIZED_AUTOS = YES_AGGRESSIVE;
				GCC_WARN_UNUSED_FUNCTION = YES;
				GCC_WARN_UNUSED_VARIABLE = YES;
				IPHONEOS_DEPLOYMENT_TARGET = 8.1;
				MTL_ENABLE_DEBUG_INFO = YES;
				ONLY_ACTIVE_ARCH = YES;
				SDKROOT = iphoneos;
			};
			name = Debug;
		};
		6DA4B4351A03753000AFA936 /* Release */ = {
			isa = XCBuildConfiguration;
			buildSettings = {
				ALWAYS_SEARCH_USER_PATHS = NO;
				CLANG_CXX_LANGUAGE_STANDARD = "gnu++0x";
				CLANG_CXX_LIBRARY = "libc++";
				CLANG_ENABLE_MODULES = YES;
				CLANG_ENABLE_OBJC_ARC = YES;
				CLANG_WARN_BOOL_CONVERSION = YES;
				CLANG_WARN_CONSTANT_CONVERSION = YES;
				CLANG_WARN_DIRECT_OBJC_ISA_USAGE = YES_ERROR;
				CLANG_WARN_EMPTY_BODY = YES;
				CLANG_WARN_ENUM_CONVERSION = YES;
				CLANG_WARN_INT_CONVERSION = YES;
				CLANG_WARN_OBJC_ROOT_CLASS = YES_ERROR;
				CLANG_WARN_UNREACHABLE_CODE = YES;
				CLANG_WARN__DUPLICATE_METHOD_MATCH = YES;
				"CODE_SIGN_IDENTITY[sdk=iphoneos*]" = "iPhone Developer";
				COPY_PHASE_STRIP = YES;
				ENABLE_NS_ASSERTIONS = NO;
				ENABLE_STRICT_OBJC_MSGSEND = YES;
				GCC_C_LANGUAGE_STANDARD = gnu99;
				GCC_WARN_64_TO_32_BIT_CONVERSION = YES;
				GCC_WARN_ABOUT_RETURN_TYPE = YES_ERROR;
				GCC_WARN_UNDECLARED_SELECTOR = YES;
				GCC_WARN_UNINITIALIZED_AUTOS = YES_AGGRESSIVE;
				GCC_WARN_UNUSED_FUNCTION = YES;
				GCC_WARN_UNUSED_VARIABLE = YES;
				IPHONEOS_DEPLOYMENT_TARGET = 8.1;
				MTL_ENABLE_DEBUG_INFO = NO;
				SDKROOT = iphoneos;
				VALIDATE_PRODUCT = YES;
			};
			name = Release;
		};
		6DA4B4371A03753000AFA936 /* Debug */ = {
			isa = XCBuildConfiguration;
			buildSettings = {
				ASSETCATALOG_COMPILER_APPICON_NAME = AppIcon;
				INFOPLIST_FILE = matchismo/Info.plist;
				LD_RUNPATH_SEARCH_PATHS = "$(inherited) @executable_path/Frameworks";
				PRODUCT_NAME = "$(TARGET_NAME)";
			};
			name = Debug;
		};
		6DA4B4381A03753000AFA936 /* Release */ = {
			isa = XCBuildConfiguration;
			buildSettings = {
				ASSETCATALOG_COMPILER_APPICON_NAME = AppIcon;
				INFOPLIST_FILE = matchismo/Info.plist;
				LD_RUNPATH_SEARCH_PATHS = "$(inherited) @executable_path/Frameworks";
				PRODUCT_NAME = "$(TARGET_NAME)";
			};
			name = Release;
		};
		6DA4B43A1A03753000AFA936 /* Debug */ = {
			isa = XCBuildConfiguration;
			buildSettings = {
				BUNDLE_LOADER = "$(TEST_HOST)";
				FRAMEWORK_SEARCH_PATHS = (
					"$(SDKROOT)/Developer/Library/Frameworks",
					"$(inherited)",
				);
				GCC_PREPROCESSOR_DEFINITIONS = (
					"DEBUG=1",
					"$(inherited)",
				);
				INFOPLIST_FILE = matchismoTests/Info.plist;
				LD_RUNPATH_SEARCH_PATHS = "$(inherited) @executable_path/Frameworks @loader_path/Frameworks";
				PRODUCT_NAME = "$(TARGET_NAME)";
				TEST_HOST = "$(BUILT_PRODUCTS_DIR)/matchismo.app/matchismo";
			};
			name = Debug;
		};
		6DA4B43B1A03753000AFA936 /* Release */ = {
			isa = XCBuildConfiguration;
			buildSettings = {
				BUNDLE_LOADER = "$(TEST_HOST)";
				FRAMEWORK_SEARCH_PATHS = (
					"$(SDKROOT)/Developer/Library/Frameworks",
					"$(inherited)",
				);
				INFOPLIST_FILE = matchismoTests/Info.plist;
				LD_RUNPATH_SEARCH_PATHS = "$(inherited) @executable_path/Frameworks @loader_path/Frameworks";
				PRODUCT_NAME = "$(TARGET_NAME)";
				TEST_HOST = "$(BUILT_PRODUCTS_DIR)/matchismo.app/matchismo";
			};
			name = Release;
		};
/* End XCBuildConfiguration section */

/* Begin XCConfigurationList section */
		6DA4B40B1A03752F00AFA936 /* Build configuration list for PBXProject "matchismo" */ = {
			isa = XCConfigurationList;
			buildConfigurations = (
				6DA4B4341A03753000AFA936 /* Debug */,
				6DA4B4351A03753000AFA936 /* Release */,
			);
			defaultConfigurationIsVisible = 0;
			defaultConfigurationName = Release;
		};
		6DA4B4361A03753000AFA936 /* Build configuration list for PBXNativeTarget "matchismo" */ = {
			isa = XCConfigurationList;
			buildConfigurations = (
				6DA4B4371A03753000AFA936 /* Debug */,
				6DA4B4381A03753000AFA936 /* Release */,
			);
			defaultConfigurationIsVisible = 0;
			defaultConfigurationName = Release;
		};
		6DA4B4391A03753000AFA936 /* Build configuration list for PBXNativeTarget "matchismoTests" */ = {
			isa = XCConfigurationList;
			buildConfigurations = (
				6DA4B43A1A03753000AFA936 /* Debug */,
				6DA4B43B1A03753000AFA936 /* Release */,
			);
			defaultConfigurationIsVisible = 0;
			defaultConfigurationName = Release;
		};
/* End XCConfigurationList section */

/* Begin XCVersionGroup section */
		6DA4B41A1A03752F00AFA936 /* matchismo.xcdatamodeld */ = {
			isa = XCVersionGroup;
			children = (
				6DA4B41B1A03752F00AFA936 /* matchismo.xcdatamodel */,
			);
			currentVersion = 6DA4B41B1A03752F00AFA936 /* matchismo.xcdatamodel */;
			path = matchismo.xcdatamodeld;
			sourceTree = "<group>";
			versionGroupType = wrapper.xcdatamodel;
		};
/* End XCVersionGroup section */
	};
	rootObject = 6DA4B4081A03752F00AFA936 /* Project object */;
}
